github.com/gorilla/websocket v1.5.3 h1:saDtZ6Pbx/0u+bgYQ3q96pZgCzfhKXGPqt7kZ72aNNg=
github.com/gorilla/websocket v1.5.3/go.mod h1:YR8l580nyteQvAITg2hZ9XVh4b55+EU/adAjf1fMHhE=
github.com/jonosm/multiplayer-lobby v0.0.0-20250723055613-cb2bc1ae8ab0 h1:KrLOqlH7GfA4OmWoW9oSk74PY2oY5ncJhbRn45fJAuQ=
github.com/jonosm/multiplayer-lobby v0.0.0-20250723055613-cb2bc1ae8ab0/go.mod h1:obNJ1jo78qJclvmEEpGusqshmRy0xnj+1szzw0PDO4E=
github.com/jonosm/multiplayer-lobby v0.0.0-20251224064846-55786fb357df h1:2dlHYKM9Hi2eS/NDV+5DlwW4kbd1l8hm4kUajQ7VZ9c=
github.com/jonosm/multiplayer-lobby v0.0.0-20251224064846-55786fb357df/go.mod h1:Xxw3j18pIc/0VIWfyHNDACEhV8JmiJtixf+HpBH8Crc=
